
Microsoft Visual Studio Solution File, Format Version 12.00
# Visual Studio Version 17
VisualStudioVersion = 17.5.33424.131
MinimumVisualStudioVersion = 10.0.40219.1
Project("{9A19103F-16F7-4668-BE54-9A1E7A4F7556}") = "A001_BMI", "A001_BMI\A001_BMI.csproj", "{032E2D69-F8A4-4E1E-82F1-4CB37A94DEA0}"
EndProject
Project("{9A19103F-16F7-4668-BE54-9A1E7A4F7556}") = "A002_BMI", "A002_BMI\A002_BMI.csproj", "{376089AC-277E-4A56-AC0F-0227BAADE01F}"
EndProject
Project("{9A19103F-16F7-4668-BE54-9A1E7A4F7556}") = "A003_format", "A003_format\A003_format.csproj", "{EB3608B8-1B39-4DB1-9CDF-31C0575A9821}"
EndProject
Project("{9A19103F-16F7-4668-BE54-9A1E7A4F7556}") = "A004_Login", "A004_Login\A004_Login.csproj", "{DE351231-3E1A-4557-A963-08C7768E9E06}"
EndProject
Project("{9A19103F-16F7-4668-BE54-9A1E7A4F7556}") = "A005_helloworld", "A005_helloworld\A005_helloworld.csproj", "{1BA4AF19-8668-446E-B019-F6D37274CF25}"
EndProject
Project("{9A19103F-16F7-4668-BE54-9A1E7A4F7556}") = "A006_BasicControls", "A006_BasicControl\A006_BasicControls.csproj", "{47D7B589-7EE5-4FC2-9208-783196104BD4}"
EndProject
Project("{9A19103F-16F7-4668-BE54-9A1E7A4F7556}") = "A007_messagebox", "A007_messagebox\A007_messagebox.csproj", "{141000F9-38F4-4A94-B8F7-A2B681C685BF}"
EndProject
Project("{9A19103F-16F7-4668-BE54-9A1E7A4F7556}") = "A008_labels", "A007_labels\A008_labels.csproj", "{5E894710-EEA1-414E-A18F-A9C2594E5911}"
EndProject
Project("{9A19103F-16F7-4668-BE54-9A1E7A4F7556}") = "A009_checkbox", "A009_checkbox\A009_checkbox.csproj", "{AFE38768-EB65-4067-991E-BDA9BABB1C2C}"
EndProject
Project("{9A19103F-16F7-4668-BE54-9A1E7A4F7556}") = "A011_SCORECAL", "A011_SCORECAL\A011_SCORECAL.csproj", "{79CB6A49-EF51-430D-B027-D237C85EC18F}"
EndProject
Project("{9A19103F-16F7-4668-BE54-9A1E7A4F7556}") = "A012_for", "A012_for\A012_for.csproj", "{ECBC2ACB-A648-4D4B-A178-CA306ECFA359}"
EndProject
Project("{9A19103F-16F7-4668-BE54-9A1E7A4F7556}") = "A013_array", "A013_array\A013_array.csproj", "{F3AD4CE8-B41C-4C52-A2B5-61FF58EA935F}"
EndProject
Project("{9A19103F-16F7-4668-BE54-9A1E7A4F7556}") = "A014_class", "A014_class\A014_class.csproj", "{B38EAA0C-6C5D-4E65-AB06-B9BF4F0E2610}"
EndProject
Project("{FAE04EC0-301F-11D3-BF4B-00C04F79EFBC}") = "A017_graph", "A017_graph\A017_graph.csproj", "{4B42891C-4570-43B8-9637-9E9A9F232A9E}"
EndProject
Project("{FAE04EC0-301F-11D3-BF4B-00C04F79EFBC}") = "A018_chart2", "A018_chart2\A018_chart2.csproj", "{649088FE-A629-47B6-A215-43C39E81BAD3}"
EndProject
Project("{FAE04EC0-301F-11D3-BF4B-00C04F79EFBC}") = "A019_Clock", "A019_Clock\A019_Clock.csproj", "{77536CD7-79F6-4E13-95C8-B1268D1542C1}"
EndProject
Project("{FAE04EC0-301F-11D3-BF4B-00C04F79EFBC}") = "A015_chart", "..\..\..\VP01_2023-main\015_chart\A015_chart.csproj", "{6F37CDF9-F335-4794-97FF-2D9C125A87B1}"
EndProject
Project("{2150E333-8FDC-42A3-9474-1A3956D46DE8}") = "솔루션 항목", "솔루션 항목", "{4DBB85D3-FE00-4974-BEBF-E5283AC7FF8D}"
	ProjectSection(SolutionItems) = preProject
		..\..\..\VP01_2023-main\016_TwoCharts\016_TwoCharts.csproj = ..\..\..\VP01_2023-main\016_TwoCharts\016_TwoCharts.csproj
	EndProjectSection
EndProject
Project("{FAE04EC0-301F-11D3-BF4B-00C04F79EFBC}") = "A016_TwoCharts", "..\..\..\VP01_2023-main\016_TwoCharts\A016_TwoCharts.csproj", "{346FB004-D573-4D69-85C9-AD9587E7AE12}"
EndProject
Project("{FAE04EC0-301F-11D3-BF4B-00C04F79EFBC}") = "A010_radioButton", "..\..\..\VP01_2023-main\010_radioButton\A010_radioButton.csproj", "{7514A6E3-F5E9-4641-B50E-7E3CB8377E2B}"
EndProject
Global
	GlobalSection(SolutionConfigurationPlatforms) = preSolution
		Debug|Any CPU = Debug|Any CPU
		Release|Any CPU = Release|Any CPU
	EndGlobalSection
	GlobalSection(ProjectConfigurationPlatforms) = postSolution
		{032E2D69-F8A4-4E1E-82F1-4CB37A94DEA0}.Debug|Any CPU.ActiveCfg = Debug|Any CPU
		{032E2D69-F8A4-4E1E-82F1-4CB37A94DEA0}.Debug|Any CPU.Build.0 = Debug|Any CPU
		{032E2D69-F8A4-4E1E-82F1-4CB37A94DEA0}.Release|Any CPU.ActiveCfg = Release|Any CPU
		{032E2D69-F8A4-4E1E-82F1-4CB37A94DEA0}.Release|Any CPU.Build.0 = Release|Any CPU
		{376089AC-277E-4A56-AC0F-0227BAADE01F}.Debug|Any CPU.ActiveCfg = Debug|Any CPU
		{376089AC-277E-4A56-AC0F-0227BAADE01F}.Debug|Any CPU.Build.0 = Debug|Any CPU
		{376089AC-277E-4A56-AC0F-0227BAADE01F}.Release|Any CPU.ActiveCfg = Release|Any CPU
		{376089AC-277E-4A56-AC0F-0227BAADE01F}.Release|Any CPU.Build.0 = Release|Any CPU
		{EB3608B8-1B39-4DB1-9CDF-31C0575A9821}.Debug|Any CPU.ActiveCfg = Debug|Any CPU
		{EB3608B8-1B39-4DB1-9CDF-31C0575A9821}.Debug|Any CPU.Build.0 = Debug|Any CPU
		{EB3608B8-1B39-4DB1-9CDF-31C0575A9821}.Release|Any CPU.ActiveCfg = Release|Any CPU
		{EB3608B8-1B39-4DB1-9CDF-31C0575A9821}.Release|Any CPU.Build.0 = Release|Any CPU
		{DE351231-3E1A-4557-A963-08C7768E9E06}.Debug|Any CPU.ActiveCfg = Debug|Any CPU
		{DE351231-3E1A-4557-A963-08C7768E9E06}.Debug|Any CPU.Build.0 = Debug|Any CPU
		{DE351231-3E1A-4557-A963-08C7768E9E06}.Release|Any CPU.ActiveCfg = Release|Any CPU
		{DE351231-3E1A-4557-A963-08C7768E9E06}.Release|Any CPU.Build.0 = Release|Any CPU
		{1BA4AF19-8668-446E-B019-F6D37274CF25}.Debug|Any CPU.ActiveCfg = Debug|Any CPU
		{1BA4AF19-8668-446E-B019-F6D37274CF25}.Debug|Any CPU.Build.0 = Debug|Any CPU
		{1BA4AF19-8668-446E-B019-F6D37274CF25}.Release|Any CPU.ActiveCfg = Release|Any CPU
		{1BA4AF19-8668-446E-B019-F6D37274CF25}.Release|Any CPU.Build.0 = Release|Any CPU
		{47D7B589-7EE5-4FC2-9208-783196104BD4}.Debug|Any CPU.ActiveCfg = Debug|Any CPU
		{47D7B589-7EE5-4FC2-9208-783196104BD4}.Debug|Any CPU.Build.0 = Debug|Any CPU
		{47D7B589-7EE5-4FC2-9208-783196104BD4}.Release|Any CPU.ActiveCfg = Release|Any CPU
		{47D7B589-7EE5-4FC2-9208-783196104BD4}.Release|Any CPU.Build.0 = Release|Any CPU
		{141000F9-38F4-4A94-B8F7-A2B681C685BF}.Debug|Any CPU.ActiveCfg = Debug|Any CPU
		{141000F9-38F4-4A94-B8F7-A2B681C685BF}.Debug|Any CPU.Build.0 = Debug|Any CPU
		{141000F9-38F4-4A94-B8F7-A2B681C685BF}.Release|Any CPU.ActiveCfg = Release|Any CPU
		{141000F9-38F4-4A94-B8F7-A2B681C685BF}.Release|Any CPU.Build.0 = Release|Any CPU
		{5E894710-EEA1-414E-A18F-A9C2594E5911}.Debug|Any CPU.ActiveCfg = Debug|Any CPU
		{5E894710-EEA1-414E-A18F-A9C2594E5911}.Debug|Any CPU.Build.0 = Debug|Any CPU
		{5E894710-EEA1-414E-A18F-A9C2594E5911}.Release|Any CPU.ActiveCfg = Release|Any CPU
		{5E894710-EEA1-414E-A18F-A9C2594E5911}.Release|Any CPU.Build.0 = Release|Any CPU
		{AFE38768-EB65-4067-991E-BDA9BABB1C2C}.Debug|Any CPU.ActiveCfg = Debug|Any CPU
		{AFE38768-EB65-4067-991E-BDA9BABB1C2C}.Debug|Any CPU.Build.0 = Debug|Any CPU
		{AFE38768-EB65-4067-991E-BDA9BABB1C2C}.Release|Any CPU.ActiveCfg = Release|Any CPU
		{AFE38768-EB65-4067-991E-BDA9BABB1C2C}.Release|Any CPU.Build.0 = Release|Any CPU
		{79CB6A49-EF51-430D-B027-D237C85EC18F}.Debug|Any CPU.ActiveCfg = Debug|Any CPU
		{79CB6A49-EF51-430D-B027-D237C85EC18F}.Debug|Any CPU.Build.0 = Debug|Any CPU
		{79CB6A49-EF51-430D-B027-D237C85EC18F}.Release|Any CPU.ActiveCfg = Release|Any CPU
		{79CB6A49-EF51-430D-B027-D237C85EC18F}.Release|Any CPU.Build.0 = Release|Any CPU
		{ECBC2ACB-A648-4D4B-A178-CA306ECFA359}.Debug|Any CPU.ActiveCfg = Debug|Any CPU
		{ECBC2ACB-A648-4D4B-A178-CA306ECFA359}.Debug|Any CPU.Build.0 = Debug|Any CPU
		{ECBC2ACB-A648-4D4B-A178-CA306ECFA359}.Release|Any CPU.ActiveCfg = Release|Any CPU
		{ECBC2ACB-A648-4D4B-A178-CA306ECFA359}.Release|Any CPU.Build.0 = Release|Any CPU
		{F3AD4CE8-B41C-4C52-A2B5-61FF58EA935F}.Debug|Any CPU.ActiveCfg = Debug|Any CPU
		{F3AD4CE8-B41C-4C52-A2B5-61FF58EA935F}.Debug|Any CPU.Build.0 = Debug|Any CPU
		{F3AD4CE8-B41C-4C52-A2B5-61FF58EA935F}.Release|Any CPU.ActiveCfg = Release|Any CPU
		{F3AD4CE8-B41C-4C52-A2B5-61FF58EA935F}.Release|Any CPU.Build.0 = Release|Any CPU
		{B38EAA0C-6C5D-4E65-AB06-B9BF4F0E2610}.Debug|Any CPU.ActiveCfg = Debug|Any CPU
		{B38EAA0C-6C5D-4E65-AB06-B9BF4F0E2610}.Debug|Any CPU.Build.0 = Debug|Any CPU
		{B38EAA0C-6C5D-4E65-AB06-B9BF4F0E2610}.Release|Any CPU.ActiveCfg = Release|Any CPU
		{B38EAA0C-6C5D-4E65-AB06-B9BF4F0E2610}.Release|Any CPU.Build.0 = Release|Any CPU
		{4B42891C-4570-43B8-9637-9E9A9F232A9E}.Debug|Any CPU.ActiveCfg = Debug|Any CPU
		{4B42891C-4570-43B8-9637-9E9A9F232A9E}.Debug|Any CPU.Build.0 = Debug|Any CPU
		{4B42891C-4570-43B8-9637-9E9A9F232A9E}.Release|Any CPU.ActiveCfg = Release|Any CPU
		{4B42891C-4570-43B8-9637-9E9A9F232A9E}.Release|Any CPU.Build.0 = Release|Any CPU
		{649088FE-A629-47B6-A215-43C39E81BAD3}.Debug|Any CPU.ActiveCfg = Debug|Any CPU
		{649088FE-A629-47B6-A215-43C39E81BAD3}.Debug|Any CPU.Build.0 = Debug|Any CPU
		{649088FE-A629-47B6-A215-43C39E81BAD3}.Release|Any CPU.ActiveCfg = Release|Any CPU
		{649088FE-A629-47B6-A215-43C39E81BAD3}.Release|Any CPU.Build.0 = Release|Any CPU
		{77536CD7-79F6-4E13-95C8-B1268D1542C1}.Debug|Any CPU.ActiveCfg = Debug|Any CPU
		{77536CD7-79F6-4E13-95C8-B1268D1542C1}.Debug|Any CPU.Build.0 = Debug|Any CPU
		{77536CD7-79F6-4E13-95C8-B1268D1542C1}.Release|Any CPU.ActiveCfg = Release|Any CPU
		{77536CD7-79F6-4E13-95C8-B1268D1542C1}.Release|Any CPU.Build.0 = Release|Any CPU
		{6F37CDF9-F335-4794-97FF-2D9C125A87B1}.Debug|Any CPU.ActiveCfg = Debug|Any CPU
		{6F37CDF9-F335-4794-97FF-2D9C125A87B1}.Debug|Any CPU.Build.0 = Debug|Any CPU
		{6F37CDF9-F335-4794-97FF-2D9C125A87B1}.Release|Any CPU.ActiveCfg = Release|Any CPU
		{6F37CDF9-F335-4794-97FF-2D9C125A87B1}.Release|Any CPU.Build.0 = Release|Any CPU
		{346FB004-D573-4D69-85C9-AD9587E7AE12}.Debug|Any CPU.ActiveCfg = Debug|Any CPU
		{346FB004-D573-4D69-85C9-AD9587E7AE12}.Debug|Any CPU.Build.0 = Debug|Any CPU
		{346FB004-D573-4D69-85C9-AD9587E7AE12}.Release|Any CPU.ActiveCfg = Release|Any CPU
		{346FB004-D573-4D69-85C9-AD9587E7AE12}.Release|Any CPU.Build.0 = Release|Any CPU
		{7514A6E3-F5E9-4641-B50E-7E3CB8377E2B}.Debug|Any CPU.ActiveCfg = Debug|Any CPU
		{7514A6E3-F5E9-4641-B50E-7E3CB8377E2B}.Debug|Any CPU.Build.0 = Debug|Any CPU
		{7514A6E3-F5E9-4641-B50E-7E3CB8377E2B}.Release|Any CPU.ActiveCfg = Release|Any CPU
		{7514A6E3-F5E9-4641-B50E-7E3CB8377E2B}.Release|Any CPU.Build.0 = Release|Any CPU
	EndGlobalSection
	GlobalSection(SolutionProperties) = preSolution
		HideSolutionNode = FALSE
	EndGlobalSection
	GlobalSection(ExtensibilityGlobals) = postSolution
		SolutionGuid = {925C3AF9-5B08-4EFC-A945-63DE1071485C}
	EndGlobalSection
EndGlobal
